PODS:
  - ReactiveCocoa (5.0.4):
    - ReactiveSwift (~> 1.1)
  - ReactiveSwift (1.1.3):
    - Result (~> 3.2)
  - Result (3.2.3)

DEPENDENCIES:
  - ReactiveCocoa (~> 5.0.0)
  - ReactiveSwift (~> 1.1)

SPEC CHECKSUMS:
  ReactiveCocoa: b31e754d15937811ede648fc83cd68f5de70a3d4
  ReactiveSwift: f54ba12c2e799003432930fa55495315ae44f32b
  Result: 128640a6347e8d2ae48b142556739a2d13f90ce6

PODFILE CHECKSUM: 9b74b19e6926086ba92bec99a7be5c9b67ca1271

COCOAPODS: 1.2.1
